// !$*UTF8*$!
{
	archiveVersion = 1;
	classes = {
	};
	objectVersion = 56;
	objects = {

/* Begin PBXBuildFile section */
		05CF04C02B97A0AF00672FDF /* AppDelegate.swift in Sources */ = {isa = PBXBuildFile; fileRef = 05CF04BF2B97A0AF00672FDF /* AppDelegate.swift */; };
		05CF04C22B97A0AF00672FDF /* SceneDelegate.swift in Sources */ = {isa = PBXBuildFile; fileRef = 05CF04C12B97A0AF00672FDF /* SceneDelegate.swift */; };
		05CF04C42B97A0AF00672FDF /* ViewController.swift in Sources */ = {isa = PBXBuildFile; fileRef = 05CF04C32B97A0AF00672FDF /* ViewController.swift */; };
		05CF04C72B97A0AF00672FDF /* Main.storyboard in Resources */ = {isa = PBXBuildFile; fileRef = 05CF04C52B97A0AF00672FDF /* Main.storyboard */; };
		05CF04C92B97A0B000672FDF /* Assets.xcassets in Resources */ = {isa = PBXBuildFile; fileRef = 05CF04C82B97A0B000672FDF /* Assets.xcassets */; };
		05CF04CC2B97A0B000672FDF /* LaunchScreen.storyboard in Resources */ = {isa = PBXBuildFile; fileRef = 05CF04CA2B97A0B000672FDF /* LaunchScreen.storyboard */; };
		05CF04D42B97A12600672FDF /* customView.swift in Sources */ = {isa = PBXBuildFile; fileRef = 05CF04D32B97A12600672FDF /* customView.swift */; };
		05CF04D82B97A15200672FDF /* NetworkManager.swift in Sources */ = {isa = PBXBuildFile; fileRef = 05CF04D72B97A15200672FDF /* NetworkManager.swift */; };
		05CF04DB2B97A1FA00672FDF /* TokenResponse.swift in Sources */ = {isa = PBXBuildFile; fileRef = 05CF04DA2B97A1FA00672FDF /* TokenResponse.swift */; };
		05CF04DF2B97A22A00672FDF /* AmountChange.swift in Sources */ = {isa = PBXBuildFile; fileRef = 05CF04DE2B97A22A00672FDF /* AmountChange.swift */; };
		05CF04E12B97A23C00672FDF /* User.swift in Sources */ = {isa = PBXBuildFile; fileRef = 05CF04E02B97A23C00672FDF /* User.swift */; };
/* End PBXBuildFile section */

/* Begin PBXFileReference section */
		05CF04BC2B97A0AF00672FDF /* mini-project-iOS-bank-api-starter.app */ = {isa = PBXFileReference; explicitFileType = wrapper.application; includeInIndex = 0; path = "mini-project-iOS-bank-api-starter.app"; sourceTree = BUILT_PRODUCTS_DIR; };
		05CF04BF2B97A0AF00672FDF /* AppDelegate.swift */ = {isa = PBXFileReference; lastKnownFileType = sourcecode.swift; path = AppDelegate.swift; sourceTree = "<group>"; };
		05CF04C12B97A0AF00672FDF /* SceneDelegate.swift */ = {isa = PBXFileReference; lastKnownFileType = sourcecode.swift; path = SceneDelegate.swift; sourceTree = "<group>"; };
		05CF04C32B97A0AF00672FDF /* ViewController.swift */ = {isa = PBXFileReference; lastKnownFileType = sourcecode.swift; path = ViewController.swift; sourceTree = "<group>"; };
		05CF04C62B97A0AF00672FDF /* Base */ = {isa = PBXFileReference; lastKnownFileType = file.storyboard; name = Base; path = Base.lproj/Main.storyboard; sourceTree = "<group>"; };
		05CF04C82B97A0B000672FDF /* Assets.xcassets */ = {isa = PBXFileReference; lastKnownFileType = folder.assetcatalog; path = Assets.xcassets; sourceTree = "<group>"; };
		05CF04CB2B97A0B000672FDF /* Base */ = {isa = PBXFileReference; lastKnownFileType = file.storyboard; name = Base; path = Base.lproj/LaunchScreen.storyboard; sourceTree = "<group>"; };
		05CF04CD2B97A0B000672FDF /* Info.plist */ = {isa = PBXFileReference; lastKnownFileType = text.plist.xml; path = Info.plist; sourceTree = "<group>"; };
		05CF04D32B97A12600672FDF /* customView.swift */ = {isa = PBXFileReference; fileEncoding = 4; lastKnownFileType = sourcecode.swift; path = customView.swift; sourceTree = "<group>"; };
		05CF04D72B97A15200672FDF /* NetworkManager.swift */ = {isa = PBXFileReference; lastKnownFileType = sourcecode.swift; path = NetworkManager.swift; sourceTree = "<group>"; };
		05CF04DA2B97A1FA00672FDF /* TokenResponse.swift */ = {isa = PBXFileReference; lastKnownFileType = sourcecode.swift; path = TokenResponse.swift; sourceTree = "<group>"; };
		05CF04DE2B97A22A00672FDF /* AmountChange.swift */ = {isa = PBXFileReference; lastKnownFileType = sourcecode.swift; path = AmountChange.swift; sourceTree = "<group>"; };
		05CF04E02B97A23C00672FDF /* User.swift */ = {isa = PBXFileReference; lastKnownFileType = sourcecode.swift; path = User.swift; sourceTree = "<group>"; };
/* End PBXFileReference section */

/* Begin PBXFrameworksBuildPhase section */
		05CF04B92B97A0AF00672FDF /* Frameworks */ = {
			isa = PBXFrameworksBuildPhase;
			buildActionMask = 2147483647;
			files = (
			);
			runOnlyForDeploymentPostprocessing = 0;
		};
/* End PBXFrameworksBuildPhase section */

/* Begin PBXGroup section */
		05CF04B32B97A0AF00672FDF = {
			isa = PBXGroup;
			children = (
				05CF04BE2B97A0AF00672FDF /* mini-project-iOS-bank-api-starter */,
				05CF04BD2B97A0AF00672FDF /* Products */,
			);
			sourceTree = "<group>";
		};
		05CF04BD2B97A0AF00672FDF /* Products */ = {
			isa = PBXGroup;
			children = (
				05CF04BC2B97A0AF00672FDF /* mini-project-iOS-bank-api-starter.app */,
			);
			name = Products;
			sourceTree = "<group>";
		};
		05CF04BE2B97A0AF00672FDF /* mini-project-iOS-bank-api-starter */ = {
			isa = PBXGroup;
			children = (
				05CF04D62B97A14100672FDF /* Supportings */,
				05CF04D52B97A12D00672FDF /* Helpers */,
				05CF04D92B97A1A000672FDF /* NetworkClass */,
				05CF04DC2B97A21000672FDF /* Model */,
				05CF04DD2B97A21600672FDF /* VC */,
				05CF04C52B97A0AF00672FDF /* Main.storyboard */,
				05CF04C82B97A0B000672FDF /* Assets.xcassets */,
				05CF04CA2B97A0B000672FDF /* LaunchScreen.storyboard */,
				05CF04CD2B97A0B000672FDF /* Info.plist */,
			);
			path = "mini-project-iOS-bank-api-starter";
			sourceTree = "<group>";
		};
		05CF04D52B97A12D00672FDF /* Helpers */ = {
			isa = PBXGroup;
			children = (
				05CF04D32B97A12600672FDF /* customView.swift */,
			);
			path = Helpers;
			sourceTree = "<group>";
		};
		05CF04D62B97A14100672FDF /* Supportings */ = {
			isa = PBXGroup;
			children = (
				05CF04BF2B97A0AF00672FDF /* AppDelegate.swift */,
				05CF04C12B97A0AF00672FDF /* SceneDelegate.swift */,
			);
			path = Supportings;
			sourceTree = "<group>";
		};
		05CF04D92B97A1A000672FDF /* NetworkClass */ = {
			isa = PBXGroup;
			children = (
				05CF04D72B97A15200672FDF /* NetworkManager.swift */,
			);
			path = NetworkClass;
			sourceTree = "<group>";
		};
		05CF04DC2B97A21000672FDF /* Model */ = {
			isa = PBXGroup;
			children = (
				05CF04DA2B97A1FA00672FDF /* TokenResponse.swift */,
				05CF04E02B97A23C00672FDF /* User.swift */,
				05CF04DE2B97A22A00672FDF /* AmountChange.swift */,
			);
			path = Model;
			sourceTree = "<group>";
		};
		05CF04DD2B97A21600672FDF /* VC */ = {
			isa = PBXGroup;
			children = (
				05CF04C32B97A0AF00672FDF /* ViewController.swift */,
			);
			path = VC;
			sourceTree = "<group>";
		};
/* End PBXGroup section */

/* Begin PBXNativeTarget section */
		05CF04BB2B97A0AF00672FDF /* mini-project-iOS-bank-api-starter */ = {
			isa = PBXNativeTarget;
			buildConfigurationList = 05CF04D02B97A0B000672FDF /* Build configuration list for PBXNativeTarget "mini-project-iOS-bank-api-starter" */;
			buildPhases = (
				05CF04B82B97A0AF00672FDF /* Sources */,
				05CF04B92B97A0AF00672FDF /* Frameworks */,
				05CF04BA2B97A0AF00672FDF /* Resources */,
			);
			buildRules = (
			);
			dependencies = (
			);
			name = "mini-project-iOS-bank-api-starter";
			productName = "mini-project-iOS-bank-api-starter";
			productReference = 05CF04BC2B97A0AF00672FDF /* mini-project-iOS-bank-api-starter.app */;
			productType = "com.apple.product-type.application";
		};
/* End PBXNativeTarget section */

/* Begin PBXProject section */
		05CF04B42B97A0AF00672FDF /* Project object */ = {
			isa = PBXProject;
			attributes = {
				BuildIndependentTargetsInParallel = 1;
				LastSwiftUpdateCheck = 1520;
				LastUpgradeCheck = 1520;
				TargetAttributes = {
					05CF04BB2B97A0AF00672FDF = {
						CreatedOnToolsVersion = 15.2;
					};
				};
			};
			buildConfigurationList = 05CF04B72B97A0AF00672FDF /* Build configuration list for PBXProject "mini-project-iOS-bank-api-starter" */;
			compatibilityVersion = "Xcode 14.0";
			developmentRegion = en;
			hasScannedForEncodings = 0;
			knownRegions = (
				en,
				Base,
			);
			mainGroup = 05CF04B32B97A0AF00672FDF;
			productRefGroup = 05CF04BD2B97A0AF00672FDF /* Products */;
			projectDirPath = "";
			projectRoot = "";
			targets = (
				05CF04BB2B97A0AF00672FDF /* mini-project-iOS-bank-api-starter */,
			);
		};
/* End PBXProject section */

/* Begin PBXResourcesBuildPhase section */
		05CF04BA2B97A0AF00672FDF /* Resources */ = {
			isa = PBXResourcesBuildPhase;
			buildActionMask = 2147483647;
			files = (
				05CF04CC2B97A0B000672FDF /* LaunchScreen.storyboard in Resources */,
				05CF04C92B97A0B000672FDF /* Assets.xcassets in Resources */,
				05CF04C72B97A0AF00672FDF /* Main.storyboard in Resources */,
			);
			runOnlyForDeploymentPostprocessing = 0;
		};
/* End PBXResourcesBuildPhase section */

/* Begin PBXSourcesBuildPhase section */
		05CF04B82B97A0AF00672FDF /* Sources */ = {
			isa = PBXSourcesBuildPhase;
			buildActionMask = 2147483647;
			files = (
				05CF04C42B97A0AF00672FDF /* ViewController.swift in Sources */,
				05CF04D42B97A12600672FDF /* customView.swift in Sources */,
				05CF04D82B97A15200672FDF /* NetworkManager.swift in Sources */,
				05CF04C02B97A0AF00672FDF /* AppDelegate.swift in Sources */,
				05CF04E12B97A23C00672FDF /* User.swift in Sources */,
				05CF04DF2B97A22A00672FDF /* AmountChange.swift in Sources */,
				05CF04DB2B97A1FA00672FDF /* TokenResponse.swift in Sources */,
				05CF04C22B97A0AF00672FDF /* SceneDelegate.swift in Sources */,
			);
			runOnlyForDeploymentPostprocessing = 0;
		};
/* End PBXSourcesBuildPhase section */

/* Begin PBXVariantGroup section */
		05CF04C52B97A0AF00672FDF /* Main.storyboard */ = {
			isa = PBXVariantGroup;
			children = (
				05CF04C62B97A0AF00672FDF /* Base */,
			);
			name = Main.storyboard;
			sourceTree = "<group>";
		};
		05CF04CA2B97A0B000672FDF /* LaunchScreen.storyboard */ = {
			isa = PBXVariantGroup;
			children = (
				05CF04CB2B97A0B000672FDF /* Base */,
			);
			name = LaunchScreen.storyboard;
			sourceTree = "<group>";
		};
/* End PBXVariantGroup section */

/* Begin XCBuildConfiguration section */
		05CF04CE2B97A0B000672FDF /* Debug */ = {
			isa = XCBuildConfiguration;
			buildSettings = {
				ALWAYS_SEARCH_USER_PATHS = NO;
				ASSETCATALOG_COMPILER_GENERATE_SWIFT_ASSET_SYMBOL_EXTENSIONS = YES;
				CLANG_ANALYZER_NONNULL = YES;
				CLANG_ANALYZER_NUMBER_OBJECT_CONVERSION = YES_AGGRESSIVE;
				CLANG_CXX_LANGUAGE_STANDARD = "gnu++20";
				CLANG_ENABLE_MODULES = YES;
				CLANG_ENABLE_OBJC_ARC = YES;
				CLANG_ENABLE_OBJC_WEAK = YES;
				CLANG_WARN_BLOCK_CAPTURE_AUTORELEASING = YES;
				CLANG_WARN_BOOL_CONVERSION = YES;
				CLANG_WARN_COMMA = YES;
				CLANG_WARN_CONSTANT_CONVERSION = YES;
				CLANG_WARN_DEPRECATED_OBJC_IMPLEMENTATIONS = YES;
				CLANG_WARN_DIRECT_OBJC_ISA_USAGE = YES_ERROR;
				CLANG_WARN_DOCUMENTATION_COMMENTS = YES;
				CLANG_WARN_EMPTY_BODY = YES;
				CLANG_WARN_ENUM_CONVERSION = YES;
				CLANG_WARN_INFINITE_RECURSION = YES;
				CLANG_WARN_INT_CONVERSION = YES;
				CLANG_WARN_NON_LITERAL_NULL_CONVERSION = YES;
				CLANG_WARN_OBJC_IMPLICIT_RETAIN_SELF = YES;
				CLANG_WARN_OBJC_LITERAL_CONVERSION = YES;
				CLANG_WARN_OBJC_ROOT_CLASS = YES_ERROR;
				CLANG_WARN_QUOTED_INCLUDE_IN_FRAMEWORK_HEADER = YES;
				CLANG_WARN_RANGE_LOOP_ANALYSIS = YES;
				CLANG_WARN_STRICT_PROTOTYPES = YES;
				CLANG_WARN_SUSPICIOUS_MOVE = YES;
				CLANG_WARN_UNGUARDED_AVAILABILITY = YES_AGGRESSIVE;
				CLANG_WARN_UNREACHABLE_CODE = YES;
				CLANG_WARN__DUPLICATE_METHOD_MATCH = YES;
				COPY_PHASE_STRIP = NO;
				DEBUG_INFORMATION_FORMAT = dwarf;
				ENABLE_STRICT_OBJC_MSGSEND = YES;
				ENABLE_TESTABILITY = YES;
				ENABLE_USER_SCRIPT_SANDBOXING = YES;
				GCC_C_LANGUAGE_STANDARD = gnu17;
				GCC_DYNAMIC_NO_PIC = NO;
				GCC_NO_COMMON_BLOCKS = YES;
				GCC_OPTIMIZATION_LEVEL = 0;
				GCC_PREPROCESSOR_DEFINITIONS = (
					"DEBUG=1",
					"$(inherited)",
				);
				GCC_WARN_64_TO_32_BIT_CONVERSION = YES;
				GCC_WARN_ABOUT_RETURN_TYPE = YES_ERROR;
				GCC_WARN_UNDECLARED_SELECTOR = YES;
				GCC_WARN_UNINITIALIZED_AUTOS = YES_AGGRESSIVE;
				GCC_WARN_UNUSED_FUNCTION = YES;
				GCC_WARN_UNUSED_VARIABLE = YES;
				IPHONEOS_DEPLOYMENT_TARGET = 17.2;
				LOCALIZATION_PREFERS_STRING_CATALOGS = YES;
				MTL_ENABLE_DEBUG_INFO = INCLUDE_SOURCE;
				MTL_FAST_MATH = YES;
				ONLY_ACTIVE_ARCH = YES;
				SDKROOT = iphoneos;
				SWIFT_ACTIVE_COMPILATION_CONDITIONS = "DEBUG $(inherited)";
				SWIFT_OPTIMIZATION_LEVEL = "-Onone";
			};
			name = Debug;
		};
		05CF04CF2B97A0B000672FDF /* Release */ = {
			isa = XCBuildConfiguration;
			buildSettings = {
				ALWAYS_SEARCH_USER_PATHS = NO;
				ASSETCATALOG_COMPILER_GENERATE_SWIFT_ASSET_SYMBOL_EXTENSIONS = YES;
				CLANG_ANALYZER_NONNULL = YES;
				CLANG_ANALYZER_NUMBER_OBJECT_CONVERSION = YES_AGGRESSIVE;
				CLANG_CXX_LANGUAGE_STANDARD = "gnu++20";
				CLANG_ENABLE_MODULES = YES;
				CLANG_ENABLE_OBJC_ARC = YES;
				CLANG_ENABLE_OBJC_WEAK = YES;
				CLANG_WARN_BLOCK_CAPTURE_AUTORELEASING = YES;
				CLANG_WARN_BOOL_CONVERSION = YES;
				CLANG_WARN_COMMA = YES;
				CLANG_WARN_CONSTANT_CONVERSION = YES;
				CLANG_WARN_DEPRECATED_OBJC_IMPLEMENTATIONS = YES;
				CLANG_WARN_DIRECT_OBJC_ISA_USAGE = YES_ERROR;
				CLANG_WARN_DOCUMENTATION_COMMENTS = YES;
				CLANG_WARN_EMPTY_BODY = YES;
				CLANG_WARN_ENUM_CONVERSION = YES;
				CLANG_WARN_INFINITE_RECURSION = YES;
				CLANG_WARN_INT_CONVERSION = YES;
				CLANG_WARN_NON_LITERAL_NULL_CONVERSION = YES;
				CLANG_WARN_OBJC_IMPLICIT_RETAIN_SELF = YES;
				CLANG_WARN_OBJC_LITERAL_CONVERSION = YES;
				CLANG_WARN_OBJC_ROOT_CLASS = YES_ERROR;
				CLANG_WARN_QUOTED_INCLUDE_IN_FRAMEWORK_HEADER = YES;
				CLANG_WARN_RANGE_LOOP_ANALYSIS = YES;
				CLANG_WARN_STRICT_PROTOTYPES = YES;
				CLANG_WARN_SUSPICIOUS_MOVE = YES;
				CLANG_WARN_UNGUARDED_AVAILABILITY = YES_AGGRESSIVE;
				CLANG_WARN_UNREACHABLE_CODE = YES;
				CLANG_WARN__DUPLICATE_METHOD_MATCH = YES;
				COPY_PHASE_STRIP = NO;
				DEBUG_INFORMATION_FORMAT = "dwarf-with-dsym";
				ENABLE_NS_ASSERTIONS = NO;
				ENABLE_STRICT_OBJC_MSGSEND = YES;
				ENABLE_USER_SCRIPT_SANDBOXING = YES;
				GCC_C_LANGUAGE_STANDARD = gnu17;
				GCC_NO_COMMON_BLOCKS = YES;
				GCC_WARN_64_TO_32_BIT_CONVERSION = YES;
				GCC_WARN_ABOUT_RETURN_TYPE = YES_ERROR;
				GCC_WARN_UNDECLARED_SELECTOR = YES;
				GCC_WARN_UNINITIALIZED_AUTOS = YES_AGGRESSIVE;
				GCC_WARN_UNUSED_FUNCTION = YES;
				GCC_WARN_UNUSED_VARIABLE = YES;
				IPHONEOS_DEPLOYMENT_TARGET = 17.2;
				LOCALIZATION_PREFERS_STRING_CATALOGS = YES;
				MTL_ENABLE_DEBUG_INFO = NO;
				MTL_FAST_MATH = YES;
				SDKROOT = iphoneos;
				SWIFT_COMPILATION_MODE = wholemodule;
				VALIDATE_PRODUCT = YES;
			};
			name = Release;
		};
		05CF04D12B97A0B000672FDF /* Debug */ = {
			isa = XCBuildConfiguration;
			buildSettings = {
				ASSETCATALOG_COMPILER_APPICON_NAME = AppIcon;
				ASSETCATALOG_COMPILER_GLOBAL_ACCENT_COLOR_NAME = AccentColor;
				CODE_SIGN_STYLE = Automatic;
				CURRENT_PROJECT_VERSION = 1;
				DEVELOPMENT_TEAM = AB7R2N64ZN;
				GENERATE_INFOPLIST_FILE = YES;
				INFOPLIST_FILE = "mini-project-iOS-bank-api-starter/Info.plist";
				INFOPLIST_KEY_UIApplicationSupportsIndirectInputEvents = YES;
				INFOPLIST_KEY_UILaunchStoryboardName = LaunchScreen;
				INFOPLIST_KEY_UISupportedInterfaceOrientations_iPad = "UIInterfaceOrientationPortrait UIInterfaceOrientationPortraitUpsideDown UIInterfaceOrientationLandscapeLeft UIInterfaceOrientationLandscapeRight";
				INFOPLIST_KEY_UISupportedInterfaceOrientations_iPhone = "UIInterfaceOrientationPortrait UIInterfaceOrientationLandscapeLeft UIInterfaceOrientationLandscapeRight";
				LD_RUNPATH_SEARCH_PATHS = (
					"$(inherited)",
					"@executable_path/Frameworks",
				);
				MARKETING_VERSION = 1.0;
				PRODUCT_BUNDLE_IDENTIFIER = "Nawaf.mini-project-iOS-bank-api-starter";
				PRODUCT_NAME = "$(TARGET_NAME)";
				SWIFT_EMIT_LOC_STRINGS = YES;
				SWIFT_VERSION = 5.0;
				TARGETED_DEVICE_FAMILY = "1,2";
			};
			name = Debug;
		};
		05CF04D22B97A0B000672FDF /* Release */ = {
			isa = XCBuildConfiguration;
			buildSettings = {
				ASSETCATALOG_COMPILER_APPICON_NAME = AppIcon;
				ASSETCATALOG_COMPILER_GLOBAL_ACCENT_COLOR_NAME = AccentColor;
				CODE_SIGN_STYLE = Automatic;
				CURRENT_PROJECT_VERSION = 1;
				DEVELOPMENT_TEAM = AB7R2N64ZN;
				GENERATE_INFOPLIST_FILE = YES;
				INFOPLIST_FILE = "mini-project-iOS-bank-api-starter/Info.plist";
				INFOPLIST_KEY_UIApplicationSupportsIndirectInputEvents = YES;
				INFOPLIST_KEY_UILaunchStoryboardName = LaunchScreen;
				INFOPLIST_KEY_UISupportedInterfaceOrientations_iPad = "UIInterfaceOrientationPortrait UIInterfaceOrientationPortraitUpsideDown UIInterfaceOrientationLandscapeLeft UIInterfaceOrientationLandscapeRight";
				INFOPLIST_KEY_UISupportedInterfaceOrientations_iPhone = "UIInterfaceOrientationPortrait UIInterfaceOrientationLandscapeLeft UIInterfaceOrientationLandscapeRight";
				LD_RUNPATH_SEARCH_PATHS = (
					"$(inherited)",
					"@executable_path/Frameworks",
				);
				MARKETING_VERSION = 1.0;
				PRODUCT_BUNDLE_IDENTIFIER = "Nawaf.mini-project-iOS-bank-api-starter";
				PRODUCT_NAME = "$(TARGET_NAME)";
				SWIFT_EMIT_LOC_STRINGS = YES;
				SWIFT_VERSION = 5.0;
				TARGETED_DEVICE_FAMILY = "1,2";
			};
			name = Release;
		};
/* End XCBuildConfiguration section */

/* Begin XCConfigurationList section */
		05CF04B72B97A0AF00672FDF /* Build configuration list for PBXProject "mini-project-iOS-bank-api-starter" */ = {
			isa = XCConfigurationList;
			buildConfigurations = (
				05CF04CE2B97A0B000672FDF /* Debug */,
				05CF04CF2B97A0B000672FDF /* Release */,
			);
			defaultConfigurationIsVisible = 0;
			defaultConfigurationName = Release;
		};
		05CF04D02B97A0B000672FDF /* Build configuration list for PBXNativeTarget "mini-project-iOS-bank-api-starter" */ = {
			isa = XCConfigurationList;
			buildConfigurations = (
				05CF04D12B97A0B000672FDF /* Debug */,
				05CF04D22B97A0B000672FDF /* Release */,
			);
			defaultConfigurationIsVisible = 0;
			defaultConfigurationName = Release;
		};
/* End XCConfigurationList section */
	};
	rootObject = 05CF04B42B97A0AF00672FDF /* Project object */;
}
