// !$*UTF8*$!
{
	archiveVersion = 1;
	classes = {
	};
	objectVersion = 56;
	objects = {

/* Begin PBXBuildFile section */
		05CF04C02B97A0AF00672FDF /* AppDelegate.swift in Sources */ = {isa = PBXBuildFile; fileRef = 05CF04BF2B97A0AF00672FDF /* AppDelegate.swift */; };
		05CF04C22B97A0AF00672FDF /* SceneDelegate.swift in Sources */ = {isa = PBXBuildFile; fileRef = 05CF04C12B97A0AF00672FDF /* SceneDelegate.swift */; };
		05CF04C42B97A0AF00672FDF /* WelcomeViewController.swift in Sources */ = {isa = PBXBuildFile; fileRef = 05CF04C32B97A0AF00672FDF /* WelcomeViewController.swift */; };
		05CF04C72B97A0AF00672FDF /* Main.storyboard in Resources */ = {isa = PBXBuildFile; fileRef = 05CF04C52B97A0AF00672FDF /* Main.storyboard */; };
		05CF04C92B97A0B000672FDF /* Assets.xcassets in Resources */ = {isa = PBXBuildFile; fileRef = 05CF04C82B97A0B000672FDF /* Assets.xcassets */; };
		05CF04CC2B97A0B000672FDF /* LaunchScreen.storyboard in Resources */ = {isa = PBXBuildFile; fileRef = 05CF04CA2B97A0B000672FDF /* LaunchScreen.storyboard */; };
		05CF04D42B97A12600672FDF /* customView.swift in Sources */ = {isa = PBXBuildFile; fileRef = 05CF04D32B97A12600672FDF /* customView.swift */; };
		05CF04D82B97A15200672FDF /* NetworkManager.swift in Sources */ = {isa = PBXBuildFile; fileRef = 05CF04D72B97A15200672FDF /* NetworkManager.swift */; };
		05CF04DB2B97A1FA00672FDF /* TokenResponse.swift in Sources */ = {isa = PBXBuildFile; fileRef = 05CF04DA2B97A1FA00672FDF /* TokenResponse.swift */; };
		05CF04DF2B97A22A00672FDF /* AmountChange.swift in Sources */ = {isa = PBXBuildFile; fileRef = 05CF04DE2B97A22A00672FDF /* AmountChange.swift */; };
		05CF04E12B97A23C00672FDF /* User.swift in Sources */ = {isa = PBXBuildFile; fileRef = 05CF04E02B97A23C00672FDF /* User.swift */; };
		FC5D4E492B984E2600B9BAD6 /* Kingfisher in Frameworks */ = {isa = PBXBuildFile; productRef = FC5D4E482B984E2600B9BAD6 /* Kingfisher */; };
		FC5D4E4C2B984E2E00B9BAD6 /* SnapKit in Frameworks */ = {isa = PBXBuildFile; productRef = FC5D4E4B2B984E2E00B9BAD6 /* SnapKit */; };
		FC5D4E4E2B984E2E00B9BAD6 /* SnapKit-Dynamic in Frameworks */ = {isa = PBXBuildFile; productRef = FC5D4E4D2B984E2E00B9BAD6 /* SnapKit-Dynamic */; };
		FC5D4E512B984E3600B9BAD6 /* Alamofire in Frameworks */ = {isa = PBXBuildFile; productRef = FC5D4E502B984E3600B9BAD6 /* Alamofire */; };
		FC5D4E532B984E3600B9BAD6 /* AlamofireDynamic in Frameworks */ = {isa = PBXBuildFile; productRef = FC5D4E522B984E3600B9BAD6 /* AlamofireDynamic */; };
		FC5D4E562B984E3F00B9BAD6 /* Eureka in Frameworks */ = {isa = PBXBuildFile; productRef = FC5D4E552B984E3F00B9BAD6 /* Eureka */; };
		FC5D4E582B984E6100B9BAD6 /* SignupViewController.swift in Sources */ = {isa = PBXBuildFile; fileRef = FC5D4E572B984E6100B9BAD6 /* SignupViewController.swift */; };
		FC5D4E5A2B984E7900B9BAD6 /* Tag.swift in Sources */ = {isa = PBXBuildFile; fileRef = FC5D4E592B984E7900B9BAD6 /* Tag.swift */; };
		FC5D4E5C2B98512100B9BAD6 /* ProfileViewController.swift in Sources */ = {isa = PBXBuildFile; fileRef = FC5D4E5B2B98512100B9BAD6 /* ProfileViewController.swift */; };
		FC5D4E5E2B9855FF00B9BAD6 /* UserDetails.swift in Sources */ = {isa = PBXBuildFile; fileRef = FC5D4E5D2B9855FF00B9BAD6 /* UserDetails.swift */; };
		FC5D4E602B985CB700B9BAD6 /* SignInViewController.swift in Sources */ = {isa = PBXBuildFile; fileRef = FC5D4E5F2B985CB700B9BAD6 /* SignInViewController.swift */; };
		FC5D4E622B989B6000B9BAD6 /* DepositViewController.swift in Sources */ = {isa = PBXBuildFile; fileRef = FC5D4E612B989B6000B9BAD6 /* DepositViewController.swift */; };
		FC5D4E662B98A9F700B9BAD6 /* WithdrawViewController.swift in Sources */ = {isa = PBXBuildFile; fileRef = FC5D4E652B98A9F700B9BAD6 /* WithdrawViewController.swift */; };
		FCA6090D2B99874C00BAFE58 /* TransactionsViewController.swift in Sources */ = {isa = PBXBuildFile; fileRef = FCA6090C2B99874C00BAFE58 /* TransactionsViewController.swift */; };
		FCA6090F2B99877F00BAFE58 /* Transaction.swift in Sources */ = {isa = PBXBuildFile; fileRef = FCA6090E2B99877F00BAFE58 /* Transaction.swift */; };
		FCA609112B99907F00BAFE58 /* TransferViewController.swift in Sources */ = {isa = PBXBuildFile; fileRef = FCA609102B99907F00BAFE58 /* TransferViewController.swift */; };
		FCA609132B99989300BAFE58 /* UpdateViewController.swift in Sources */ = {isa = PBXBuildFile; fileRef = FCA609122B99989300BAFE58 /* UpdateViewController.swift */; };
		FCA609152B999DDA00BAFE58 /* UpdateProfileRequest.swift in Sources */ = {isa = PBXBuildFile; fileRef = FCA609142B999DDA00BAFE58 /* UpdateProfileRequest.swift */; };
/* End PBXBuildFile section */

/* Begin PBXFileReference section */
		05CF04BC2B97A0AF00672FDF /* mini-project-iOS-bank-api-starter.app */ = {isa = PBXFileReference; explicitFileType = wrapper.application; includeInIndex = 0; path = "mini-project-iOS-bank-api-starter.app"; sourceTree = BUILT_PRODUCTS_DIR; };
		05CF04BF2B97A0AF00672FDF /* AppDelegate.swift */ = {isa = PBXFileReference; lastKnownFileType = sourcecode.swift; path = AppDelegate.swift; sourceTree = "<group>"; };
		05CF04C12B97A0AF00672FDF /* SceneDelegate.swift */ = {isa = PBXFileReference; lastKnownFileType = sourcecode.swift; path = SceneDelegate.swift; sourceTree = "<group>"; };
		05CF04C32B97A0AF00672FDF /* WelcomeViewController.swift */ = {isa = PBXFileReference; lastKnownFileType = sourcecode.swift; path = WelcomeViewController.swift; sourceTree = "<group>"; };
		05CF04C62B97A0AF00672FDF /* Base */ = {isa = PBXFileReference; lastKnownFileType = file.storyboard; name = Base; path = Base.lproj/Main.storyboard; sourceTree = "<group>"; };
		05CF04C82B97A0B000672FDF /* Assets.xcassets */ = {isa = PBXFileReference; lastKnownFileType = folder.assetcatalog; path = Assets.xcassets; sourceTree = "<group>"; };
		05CF04CB2B97A0B000672FDF /* Base */ = {isa = PBXFileReference; lastKnownFileType = file.storyboard; name = Base; path = Base.lproj/LaunchScreen.storyboard; sourceTree = "<group>"; };
		05CF04CD2B97A0B000672FDF /* Info.plist */ = {isa = PBXFileReference; lastKnownFileType = text.plist.xml; path = Info.plist; sourceTree = "<group>"; };
		05CF04D32B97A12600672FDF /* customView.swift */ = {isa = PBXFileReference; fileEncoding = 4; lastKnownFileType = sourcecode.swift; path = customView.swift; sourceTree = "<group>"; };
		05CF04D72B97A15200672FDF /* NetworkManager.swift */ = {isa = PBXFileReference; lastKnownFileType = sourcecode.swift; path = NetworkManager.swift; sourceTree = "<group>"; };
		05CF04DA2B97A1FA00672FDF /* TokenResponse.swift */ = {isa = PBXFileReference; lastKnownFileType = sourcecode.swift; path = TokenResponse.swift; sourceTree = "<group>"; };
		05CF04DE2B97A22A00672FDF /* AmountChange.swift */ = {isa = PBXFileReference; lastKnownFileType = sourcecode.swift; path = AmountChange.swift; sourceTree = "<group>"; };
		05CF04E02B97A23C00672FDF /* User.swift */ = {isa = PBXFileReference; lastKnownFileType = sourcecode.swift; path = User.swift; sourceTree = "<group>"; };
		FC5D4E572B984E6100B9BAD6 /* SignupViewController.swift */ = {isa = PBXFileReference; lastKnownFileType = sourcecode.swift; path = SignupViewController.swift; sourceTree = "<group>"; };
		FC5D4E592B984E7900B9BAD6 /* Tag.swift */ = {isa = PBXFileReference; lastKnownFileType = sourcecode.swift; path = Tag.swift; sourceTree = "<group>"; };
		FC5D4E5B2B98512100B9BAD6 /* ProfileViewController.swift */ = {isa = PBXFileReference; lastKnownFileType = sourcecode.swift; path = ProfileViewController.swift; sourceTree = "<group>"; };
		FC5D4E5D2B9855FF00B9BAD6 /* UserDetails.swift */ = {isa = PBXFileReference; lastKnownFileType = sourcecode.swift; path = UserDetails.swift; sourceTree = "<group>"; };
		FC5D4E5F2B985CB700B9BAD6 /* SignInViewController.swift */ = {isa = PBXFileReference; lastKnownFileType = sourcecode.swift; path = SignInViewController.swift; sourceTree = "<group>"; };
		FC5D4E612B989B6000B9BAD6 /* DepositViewController.swift */ = {isa = PBXFileReference; lastKnownFileType = sourcecode.swift; path = DepositViewController.swift; sourceTree = "<group>"; };
		FC5D4E652B98A9F700B9BAD6 /* WithdrawViewController.swift */ = {isa = PBXFileReference; lastKnownFileType = sourcecode.swift; path = WithdrawViewController.swift; sourceTree = "<group>"; };
		FCA6090C2B99874C00BAFE58 /* TransactionsViewController.swift */ = {isa = PBXFileReference; lastKnownFileType = sourcecode.swift; path = TransactionsViewController.swift; sourceTree = "<group>"; };
		FCA6090E2B99877F00BAFE58 /* Transaction.swift */ = {isa = PBXFileReference; lastKnownFileType = sourcecode.swift; path = Transaction.swift; sourceTree = "<group>"; };
		FCA609102B99907F00BAFE58 /* TransferViewController.swift */ = {isa = PBXFileReference; lastKnownFileType = sourcecode.swift; path = TransferViewController.swift; sourceTree = "<group>"; };
		FCA609122B99989300BAFE58 /* UpdateViewController.swift */ = {isa = PBXFileReference; lastKnownFileType = sourcecode.swift; path = UpdateViewController.swift; sourceTree = "<group>"; };
		FCA609142B999DDA00BAFE58 /* UpdateProfileRequest.swift */ = {isa = PBXFileReference; lastKnownFileType = sourcecode.swift; path = UpdateProfileRequest.swift; sourceTree = "<group>"; };
/* End PBXFileReference section */

/* Begin PBXFrameworksBuildPhase section */
		05CF04B92B97A0AF00672FDF /* Frameworks */ = {
			isa = PBXFrameworksBuildPhase;
			buildActionMask = 2147483647;
			files = (
				FC5D4E492B984E2600B9BAD6 /* Kingfisher in Frameworks */,
				FC5D4E512B984E3600B9BAD6 /* Alamofire in Frameworks */,
				FC5D4E532B984E3600B9BAD6 /* AlamofireDynamic in Frameworks */,
				FC5D4E4C2B984E2E00B9BAD6 /* SnapKit in Frameworks */,
				FC5D4E4E2B984E2E00B9BAD6 /* SnapKit-Dynamic in Frameworks */,
				FC5D4E562B984E3F00B9BAD6 /* Eureka in Frameworks */,
			);
			runOnlyForDeploymentPostprocessing = 0;
		};
/* End PBXFrameworksBuildPhase section */

/* Begin PBXGroup section */
		05CF04B32B97A0AF00672FDF = {
			isa = PBXGroup;
			children = (
				05CF04BE2B97A0AF00672FDF /* mini-project-iOS-bank-api-starter */,
				05CF04BD2B97A0AF00672FDF /* Products */,
			);
			sourceTree = "<group>";
		};
		05CF04BD2B97A0AF00672FDF /* Products */ = {
			isa = PBXGroup;
			children = (
				05CF04BC2B97A0AF00672FDF /* mini-project-iOS-bank-api-starter.app */,
			);
			name = Products;
			sourceTree = "<group>";
		};
		05CF04BE2B97A0AF00672FDF /* mini-project-iOS-bank-api-starter */ = {
			isa = PBXGroup;
			children = (
				05CF04D62B97A14100672FDF /* Supportings */,
				05CF04D52B97A12D00672FDF /* Helpers */,
				05CF04D92B97A1A000672FDF /* NetworkClass */,
				05CF04DC2B97A21000672FDF /* Model */,
				05CF04DD2B97A21600672FDF /* VC */,
				05CF04C52B97A0AF00672FDF /* Main.storyboard */,
				05CF04C82B97A0B000672FDF /* Assets.xcassets */,
				05CF04CA2B97A0B000672FDF /* LaunchScreen.storyboard */,
				05CF04CD2B97A0B000672FDF /* Info.plist */,
			);
			path = "mini-project-iOS-bank-api-starter";
			sourceTree = "<group>";
		};
		05CF04D52B97A12D00672FDF /* Helpers */ = {
			isa = PBXGroup;
			children = (
				05CF04D32B97A12600672FDF /* customView.swift */,
			);
			path = Helpers;
			sourceTree = "<group>";
		};
		05CF04D62B97A14100672FDF /* Supportings */ = {
			isa = PBXGroup;
			children = (
				05CF04BF2B97A0AF00672FDF /* AppDelegate.swift */,
				05CF04C12B97A0AF00672FDF /* SceneDelegate.swift */,
			);
			path = Supportings;
			sourceTree = "<group>";
		};
		05CF04D92B97A1A000672FDF /* NetworkClass */ = {
			isa = PBXGroup;
			children = (
				05CF04D72B97A15200672FDF /* NetworkManager.swift */,
			);
			path = NetworkClass;
			sourceTree = "<group>";
		};
		05CF04DC2B97A21000672FDF /* Model */ = {
			isa = PBXGroup;
			children = (
				05CF04DA2B97A1FA00672FDF /* TokenResponse.swift */,
				05CF04E02B97A23C00672FDF /* User.swift */,
				05CF04DE2B97A22A00672FDF /* AmountChange.swift */,
				FC5D4E592B984E7900B9BAD6 /* Tag.swift */,
				FC5D4E5D2B9855FF00B9BAD6 /* UserDetails.swift */,
				FCA6090E2B99877F00BAFE58 /* Transaction.swift */,
				FCA609142B999DDA00BAFE58 /* UpdateProfileRequest.swift */,
			);
			path = Model;
			sourceTree = "<group>";
		};
		05CF04DD2B97A21600672FDF /* VC */ = {
			isa = PBXGroup;
			children = (
				05CF04C32B97A0AF00672FDF /* WelcomeViewController.swift */,
				FC5D4E572B984E6100B9BAD6 /* SignupViewController.swift */,
				FC5D4E5B2B98512100B9BAD6 /* ProfileViewController.swift */,
				FC5D4E5F2B985CB700B9BAD6 /* SignInViewController.swift */,
				FC5D4E612B989B6000B9BAD6 /* DepositViewController.swift */,
				FC5D4E652B98A9F700B9BAD6 /* WithdrawViewController.swift */,
				FCA6090C2B99874C00BAFE58 /* TransactionsViewController.swift */,
				FCA609102B99907F00BAFE58 /* TransferViewController.swift */,
				FCA609122B99989300BAFE58 /* UpdateViewController.swift */,
			);
			path = VC;
			sourceTree = "<group>";
		};
/* End PBXGroup section */

/* Begin PBXNativeTarget section */
		05CF04BB2B97A0AF00672FDF /* mini-project-iOS-bank-api-starter */ = {
			isa = PBXNativeTarget;
			buildConfigurationList = 05CF04D02B97A0B000672FDF /* Build configuration list for PBXNativeTarget "mini-project-iOS-bank-api-starter" */;
			buildPhases = (
				05CF04B82B97A0AF00672FDF /* Sources */,
				05CF04B92B97A0AF00672FDF /* Frameworks */,
				05CF04BA2B97A0AF00672FDF /* Resources */,
			);
			buildRules = (
			);
			dependencies = (
			);
			name = "mini-project-iOS-bank-api-starter";
			packageProductDependencies = (
				FC5D4E482B984E2600B9BAD6 /* Kingfisher */,
				FC5D4E4B2B984E2E00B9BAD6 /* SnapKit */,
				FC5D4E4D2B984E2E00B9BAD6 /* SnapKit-Dynamic */,
				FC5D4E502B984E3600B9BAD6 /* Alamofire */,
				FC5D4E522B984E3600B9BAD6 /* AlamofireDynamic */,
				FC5D4E552B984E3F00B9BAD6 /* Eureka */,
			);
			productName = "mini-project-iOS-bank-api-starter";
			productReference = 05CF04BC2B97A0AF00672FDF /* mini-project-iOS-bank-api-starter.app */;
			productType = "com.apple.product-type.application";
		};
/* End PBXNativeTarget section */

/* Begin PBXProject section */
		05CF04B42B97A0AF00672FDF /* Project object */ = {
			isa = PBXProject;
			attributes = {
				BuildIndependentTargetsInParallel = 1;
				LastSwiftUpdateCheck = 1520;
				LastUpgradeCheck = 1520;
				TargetAttributes = {
					05CF04BB2B97A0AF00672FDF = {
						CreatedOnToolsVersion = 15.2;
					};
				};
			};
			buildConfigurationList = 05CF04B72B97A0AF00672FDF /* Build configuration list for PBXProject "mini-project-iOS-bank-api-starter" */;
			compatibilityVersion = "Xcode 14.0";
			developmentRegion = en;
			hasScannedForEncodings = 0;
			knownRegions = (
				en,
				Base,
			);
			mainGroup = 05CF04B32B97A0AF00672FDF;
			packageReferences = (
				FC5D4E472B984E2600B9BAD6 /* XCRemoteSwiftPackageReference "Kingfisher" */,
				FC5D4E4A2B984E2E00B9BAD6 /* XCRemoteSwiftPackageReference "SnapKit" */,
				FC5D4E4F2B984E3600B9BAD6 /* XCRemoteSwiftPackageReference "Alamofire" */,
				FC5D4E542B984E3F00B9BAD6 /* XCRemoteSwiftPackageReference "Eureka" */,
			);
			productRefGroup = 05CF04BD2B97A0AF00672FDF /* Products */;
			projectDirPath = "";
			projectRoot = "";
			targets = (
				05CF04BB2B97A0AF00672FDF /* mini-project-iOS-bank-api-starter */,
			);
		};
/* End PBXProject section */

/* Begin PBXResourcesBuildPhase section */
		05CF04BA2B97A0AF00672FDF /* Resources */ = {
			isa = PBXResourcesBuildPhase;
			buildActionMask = 2147483647;
			files = (
				05CF04CC2B97A0B000672FDF /* LaunchScreen.storyboard in Resources */,
				05CF04C92B97A0B000672FDF /* Assets.xcassets in Resources */,
				05CF04C72B97A0AF00672FDF /* Main.storyboard in Resources */,
			);
			runOnlyForDeploymentPostprocessing = 0;
		};
/* End PBXResourcesBuildPhase section */

/* Begin PBXSourcesBuildPhase section */
		05CF04B82B97A0AF00672FDF /* Sources */ = {
			isa = PBXSourcesBuildPhase;
			buildActionMask = 2147483647;
			files = (
				05CF04C42B97A0AF00672FDF /* WelcomeViewController.swift in Sources */,
				FCA609112B99907F00BAFE58 /* TransferViewController.swift in Sources */,
				05CF04D42B97A12600672FDF /* customView.swift in Sources */,
				FC5D4E5A2B984E7900B9BAD6 /* Tag.swift in Sources */,
				FC5D4E582B984E6100B9BAD6 /* SignupViewController.swift in Sources */,
				FC5D4E662B98A9F700B9BAD6 /* WithdrawViewController.swift in Sources */,
				05CF04D82B97A15200672FDF /* NetworkManager.swift in Sources */,
				FCA6090F2B99877F00BAFE58 /* Transaction.swift in Sources */,
				FCA6090D2B99874C00BAFE58 /* TransactionsViewController.swift in Sources */,
				FC5D4E602B985CB700B9BAD6 /* SignInViewController.swift in Sources */,
				FCA609132B99989300BAFE58 /* UpdateViewController.swift in Sources */,
				FC5D4E5E2B9855FF00B9BAD6 /* UserDetails.swift in Sources */,
				05CF04C02B97A0AF00672FDF /* AppDelegate.swift in Sources */,
				FC5D4E5C2B98512100B9BAD6 /* ProfileViewController.swift in Sources */,
				05CF04E12B97A23C00672FDF /* User.swift in Sources */,
				05CF04DF2B97A22A00672FDF /* AmountChange.swift in Sources */,
				FC5D4E622B989B6000B9BAD6 /* DepositViewController.swift in Sources */,
				05CF04DB2B97A1FA00672FDF /* TokenResponse.swift in Sources */,
				FCA609152B999DDA00BAFE58 /* UpdateProfileRequest.swift in Sources */,
				05CF04C22B97A0AF00672FDF /* SceneDelegate.swift in Sources */,
			);
			runOnlyForDeploymentPostprocessing = 0;
		};
/* End PBXSourcesBuildPhase section */

/* Begin PBXVariantGroup section */
		05CF04C52B97A0AF00672FDF /* Main.storyboard */ = {
			isa = PBXVariantGroup;
			children = (
				05CF04C62B97A0AF00672FDF /* Base */,
			);
			name = Main.storyboard;
			sourceTree = "<group>";
		};
		05CF04CA2B97A0B000672FDF /* LaunchScreen.storyboard */ = {
			isa = PBXVariantGroup;
			children = (
				05CF04CB2B97A0B000672FDF /* Base */,
			);
			name = LaunchScreen.storyboard;
			sourceTree = "<group>";
		};
/* End PBXVariantGroup section */

/* Begin XCBuildConfiguration section */
		05CF04CE2B97A0B000672FDF /* Debug */ = {
			isa = XCBuildConfiguration;
			buildSettings = {
				ALWAYS_SEARCH_USER_PATHS = NO;
				ASSETCATALOG_COMPILER_GENERATE_SWIFT_ASSET_SYMBOL_EXTENSIONS = YES;
				CLANG_ANALYZER_NONNULL = YES;
				CLANG_ANALYZER_NUMBER_OBJECT_CONVERSION = YES_AGGRESSIVE;
				CLANG_CXX_LANGUAGE_STANDARD = "gnu++20";
				CLANG_ENABLE_MODULES = YES;
				CLANG_ENABLE_OBJC_ARC = YES;
				CLANG_ENABLE_OBJC_WEAK = YES;
				CLANG_WARN_BLOCK_CAPTURE_AUTORELEASING = YES;
				CLANG_WARN_BOOL_CONVERSION = YES;
				CLANG_WARN_COMMA = YES;
				CLANG_WARN_CONSTANT_CONVERSION = YES;
				CLANG_WARN_DEPRECATED_OBJC_IMPLEMENTATIONS = YES;
				CLANG_WARN_DIRECT_OBJC_ISA_USAGE = YES_ERROR;
				CLANG_WARN_DOCUMENTATION_COMMENTS = YES;
				CLANG_WARN_EMPTY_BODY = YES;
				CLANG_WARN_ENUM_CONVERSION = YES;
				CLANG_WARN_INFINITE_RECURSION = YES;
				CLANG_WARN_INT_CONVERSION = YES;
				CLANG_WARN_NON_LITERAL_NULL_CONVERSION = YES;
				CLANG_WARN_OBJC_IMPLICIT_RETAIN_SELF = YES;
				CLANG_WARN_OBJC_LITERAL_CONVERSION = YES;
				CLANG_WARN_OBJC_ROOT_CLASS = YES_ERROR;
				CLANG_WARN_QUOTED_INCLUDE_IN_FRAMEWORK_HEADER = YES;
				CLANG_WARN_RANGE_LOOP_ANALYSIS = YES;
				CLANG_WARN_STRICT_PROTOTYPES = YES;
				CLANG_WARN_SUSPICIOUS_MOVE = YES;
				CLANG_WARN_UNGUARDED_AVAILABILITY = YES_AGGRESSIVE;
				CLANG_WARN_UNREACHABLE_CODE = YES;
				CLANG_WARN__DUPLICATE_METHOD_MATCH = YES;
				COPY_PHASE_STRIP = NO;
				DEBUG_INFORMATION_FORMAT = dwarf;
				ENABLE_STRICT_OBJC_MSGSEND = YES;
				ENABLE_TESTABILITY = YES;
				ENABLE_USER_SCRIPT_SANDBOXING = YES;
				GCC_C_LANGUAGE_STANDARD = gnu17;
				GCC_DYNAMIC_NO_PIC = NO;
				GCC_NO_COMMON_BLOCKS = YES;
				GCC_OPTIMIZATION_LEVEL = 0;
				GCC_PREPROCESSOR_DEFINITIONS = (
					"DEBUG=1",
					"$(inherited)",
				);
				GCC_WARN_64_TO_32_BIT_CONVERSION = YES;
				GCC_WARN_ABOUT_RETURN_TYPE = YES_ERROR;
				GCC_WARN_UNDECLARED_SELECTOR = YES;
				GCC_WARN_UNINITIALIZED_AUTOS = YES_AGGRESSIVE;
				GCC_WARN_UNUSED_FUNCTION = YES;
				GCC_WARN_UNUSED_VARIABLE = YES;
				IPHONEOS_DEPLOYMENT_TARGET = 17.2;
				LOCALIZATION_PREFERS_STRING_CATALOGS = YES;
				MTL_ENABLE_DEBUG_INFO = INCLUDE_SOURCE;
				MTL_FAST_MATH = YES;
				ONLY_ACTIVE_ARCH = YES;
				SDKROOT = iphoneos;
				SWIFT_ACTIVE_COMPILATION_CONDITIONS = "DEBUG $(inherited)";
				SWIFT_OPTIMIZATION_LEVEL = "-Onone";
			};
			name = Debug;
		};
		05CF04CF2B97A0B000672FDF /* Release */ = {
			isa = XCBuildConfiguration;
			buildSettings = {
				ALWAYS_SEARCH_USER_PATHS = NO;
				ASSETCATALOG_COMPILER_GENERATE_SWIFT_ASSET_SYMBOL_EXTENSIONS = YES;
				CLANG_ANALYZER_NONNULL = YES;
				CLANG_ANALYZER_NUMBER_OBJECT_CONVERSION = YES_AGGRESSIVE;
				CLANG_CXX_LANGUAGE_STANDARD = "gnu++20";
				CLANG_ENABLE_MODULES = YES;
				CLANG_ENABLE_OBJC_ARC = YES;
				CLANG_ENABLE_OBJC_WEAK = YES;
				CLANG_WARN_BLOCK_CAPTURE_AUTORELEASING = YES;
				CLANG_WARN_BOOL_CONVERSION = YES;
				CLANG_WARN_COMMA = YES;
				CLANG_WARN_CONSTANT_CONVERSION = YES;
				CLANG_WARN_DEPRECATED_OBJC_IMPLEMENTATIONS = YES;
				CLANG_WARN_DIRECT_OBJC_ISA_USAGE = YES_ERROR;
				CLANG_WARN_DOCUMENTATION_COMMENTS = YES;
				CLANG_WARN_EMPTY_BODY = YES;
				CLANG_WARN_ENUM_CONVERSION = YES;
				CLANG_WARN_INFINITE_RECURSION = YES;
				CLANG_WARN_INT_CONVERSION = YES;
				CLANG_WARN_NON_LITERAL_NULL_CONVERSION = YES;
				CLANG_WARN_OBJC_IMPLICIT_RETAIN_SELF = YES;
				CLANG_WARN_OBJC_LITERAL_CONVERSION = YES;
				CLANG_WARN_OBJC_ROOT_CLASS = YES_ERROR;
				CLANG_WARN_QUOTED_INCLUDE_IN_FRAMEWORK_HEADER = YES;
				CLANG_WARN_RANGE_LOOP_ANALYSIS = YES;
				CLANG_WARN_STRICT_PROTOTYPES = YES;
				CLANG_WARN_SUSPICIOUS_MOVE = YES;
				CLANG_WARN_UNGUARDED_AVAILABILITY = YES_AGGRESSIVE;
				CLANG_WARN_UNREACHABLE_CODE = YES;
				CLANG_WARN__DUPLICATE_METHOD_MATCH = YES;
				COPY_PHASE_STRIP = NO;
				DEBUG_INFORMATION_FORMAT = "dwarf-with-dsym";
				ENABLE_NS_ASSERTIONS = NO;
				ENABLE_STRICT_OBJC_MSGSEND = YES;
				ENABLE_USER_SCRIPT_SANDBOXING = YES;
				GCC_C_LANGUAGE_STANDARD = gnu17;
				GCC_NO_COMMON_BLOCKS = YES;
				GCC_WARN_64_TO_32_BIT_CONVERSION = YES;
				GCC_WARN_ABOUT_RETURN_TYPE = YES_ERROR;
				GCC_WARN_UNDECLARED_SELECTOR = YES;
				GCC_WARN_UNINITIALIZED_AUTOS = YES_AGGRESSIVE;
				GCC_WARN_UNUSED_FUNCTION = YES;
				GCC_WARN_UNUSED_VARIABLE = YES;
				IPHONEOS_DEPLOYMENT_TARGET = 17.2;
				LOCALIZATION_PREFERS_STRING_CATALOGS = YES;
				MTL_ENABLE_DEBUG_INFO = NO;
				MTL_FAST_MATH = YES;
				SDKROOT = iphoneos;
				SWIFT_COMPILATION_MODE = wholemodule;
				VALIDATE_PRODUCT = YES;
			};
			name = Release;
		};
		05CF04D12B97A0B000672FDF /* Debug */ = {
			isa = XCBuildConfiguration;
			buildSettings = {
				ASSETCATALOG_COMPILER_APPICON_NAME = AppIcon;
				ASSETCATALOG_COMPILER_GLOBAL_ACCENT_COLOR_NAME = AccentColor;
				CODE_SIGN_STYLE = Automatic;
				CURRENT_PROJECT_VERSION = 1;
				DEVELOPMENT_TEAM = AB7R2N64ZN;
				GENERATE_INFOPLIST_FILE = YES;
				INFOPLIST_FILE = "mini-project-iOS-bank-api-starter/Info.plist";
				INFOPLIST_KEY_UIApplicationSupportsIndirectInputEvents = YES;
				INFOPLIST_KEY_UILaunchStoryboardName = LaunchScreen;
				INFOPLIST_KEY_UISupportedInterfaceOrientations_iPad = "UIInterfaceOrientationPortrait UIInterfaceOrientationPortraitUpsideDown UIInterfaceOrientationLandscapeLeft UIInterfaceOrientationLandscapeRight";
				INFOPLIST_KEY_UISupportedInterfaceOrientations_iPhone = "UIInterfaceOrientationPortrait UIInterfaceOrientationLandscapeLeft UIInterfaceOrientationLandscapeRight";
				LD_RUNPATH_SEARCH_PATHS = (
					"$(inherited)",
					"@executable_path/Frameworks",
				);
				MARKETING_VERSION = 1.0;
				PRODUCT_BUNDLE_IDENTIFIER = "Nawaf.mini-project-iOS-bank-api-starter";
				PRODUCT_NAME = "$(TARGET_NAME)";
				SWIFT_EMIT_LOC_STRINGS = YES;
				SWIFT_VERSION = 5.0;
				TARGETED_DEVICE_FAMILY = "1,2";
			};
			name = Debug;
		};
		05CF04D22B97A0B000672FDF /* Release */ = {
			isa = XCBuildConfiguration;
			buildSettings = {
				ASSETCATALOG_COMPILER_APPICON_NAME = AppIcon;
				ASSETCATALOG_COMPILER_GLOBAL_ACCENT_COLOR_NAME = AccentColor;
				CODE_SIGN_STYLE = Automatic;
				CURRENT_PROJECT_VERSION = 1;
				DEVELOPMENT_TEAM = AB7R2N64ZN;
				GENERATE_INFOPLIST_FILE = YES;
				INFOPLIST_FILE = "mini-project-iOS-bank-api-starter/Info.plist";
				INFOPLIST_KEY_UIApplicationSupportsIndirectInputEvents = YES;
				INFOPLIST_KEY_UILaunchStoryboardName = LaunchScreen;
				INFOPLIST_KEY_UISupportedInterfaceOrientations_iPad = "UIInterfaceOrientationPortrait UIInterfaceOrientationPortraitUpsideDown UIInterfaceOrientationLandscapeLeft UIInterfaceOrientationLandscapeRight";
				INFOPLIST_KEY_UISupportedInterfaceOrientations_iPhone = "UIInterfaceOrientationPortrait UIInterfaceOrientationLandscapeLeft UIInterfaceOrientationLandscapeRight";
				LD_RUNPATH_SEARCH_PATHS = (
					"$(inherited)",
					"@executable_path/Frameworks",
				);
				MARKETING_VERSION = 1.0;
				PRODUCT_BUNDLE_IDENTIFIER = "Nawaf.mini-project-iOS-bank-api-starter";
				PRODUCT_NAME = "$(TARGET_NAME)";
				SWIFT_EMIT_LOC_STRINGS = YES;
				SWIFT_VERSION = 5.0;
				TARGETED_DEVICE_FAMILY = "1,2";
			};
			name = Release;
		};
/* End XCBuildConfiguration section */

/* Begin XCConfigurationList section */
		05CF04B72B97A0AF00672FDF /* Build configuration list for PBXProject "mini-project-iOS-bank-api-starter" */ = {
			isa = XCConfigurationList;
			buildConfigurations = (
				05CF04CE2B97A0B000672FDF /* Debug */,
				05CF04CF2B97A0B000672FDF /* Release */,
			);
			defaultConfigurationIsVisible = 0;
			defaultConfigurationName = Release;
		};
		05CF04D02B97A0B000672FDF /* Build configuration list for PBXNativeTarget "mini-project-iOS-bank-api-starter" */ = {
			isa = XCConfigurationList;
			buildConfigurations = (
				05CF04D12B97A0B000672FDF /* Debug */,
				05CF04D22B97A0B000672FDF /* Release */,
			);
			defaultConfigurationIsVisible = 0;
			defaultConfigurationName = Release;
		};
/* End XCConfigurationList section */

/* Begin XCRemoteSwiftPackageReference section */
		FC5D4E472B984E2600B9BAD6 /* XCRemoteSwiftPackageReference "Kingfisher" */ = {
			isa = XCRemoteSwiftPackageReference;
			repositoryURL = "https://github.com/onevcat/Kingfisher.git";
			requirement = {
				kind = upToNextMajorVersion;
				minimumVersion = 7.11.0;
			};
		};
		FC5D4E4A2B984E2E00B9BAD6 /* XCRemoteSwiftPackageReference "SnapKit" */ = {
			isa = XCRemoteSwiftPackageReference;
			repositoryURL = "https://github.com/SnapKit/SnapKit.git";
			requirement = {
				kind = upToNextMajorVersion;
				minimumVersion = 5.7.1;
			};
		};
		FC5D4E4F2B984E3600B9BAD6 /* XCRemoteSwiftPackageReference "Alamofire" */ = {
			isa = XCRemoteSwiftPackageReference;
			repositoryURL = "https://github.com/Alamofire/Alamofire";
			requirement = {
				kind = upToNextMajorVersion;
				minimumVersion = 5.9.0;
			};
		};
		FC5D4E542B984E3F00B9BAD6 /* XCRemoteSwiftPackageReference "Eureka" */ = {
			isa = XCRemoteSwiftPackageReference;
			repositoryURL = "https://github.com/xmartlabs/Eureka";
			requirement = {
				kind = upToNextMajorVersion;
				minimumVersion = 5.4.0;
			};
		};
/* End XCRemoteSwiftPackageReference section */

/* Begin XCSwiftPackageProductDependency section */
		FC5D4E482B984E2600B9BAD6 /* Kingfisher */ = {
			isa = XCSwiftPackageProductDependency;
			package = FC5D4E472B984E2600B9BAD6 /* XCRemoteSwiftPackageReference "Kingfisher" */;
			productName = Kingfisher;
		};
		FC5D4E4B2B984E2E00B9BAD6 /* SnapKit */ = {
			isa = XCSwiftPackageProductDependency;
			package = FC5D4E4A2B984E2E00B9BAD6 /* XCRemoteSwiftPackageReference "SnapKit" */;
			productName = SnapKit;
		};
		FC5D4E4D2B984E2E00B9BAD6 /* SnapKit-Dynamic */ = {
			isa = XCSwiftPackageProductDependency;
			package = FC5D4E4A2B984E2E00B9BAD6 /* XCRemoteSwiftPackageReference "SnapKit" */;
			productName = "SnapKit-Dynamic";
		};
		FC5D4E502B984E3600B9BAD6 /* Alamofire */ = {
			isa = XCSwiftPackageProductDependency;
			package = FC5D4E4F2B984E3600B9BAD6 /* XCRemoteSwiftPackageReference "Alamofire" */;
			productName = Alamofire;
		};
		FC5D4E522B984E3600B9BAD6 /* AlamofireDynamic */ = {
			isa = XCSwiftPackageProductDependency;
			package = FC5D4E4F2B984E3600B9BAD6 /* XCRemoteSwiftPackageReference "Alamofire" */;
			productName = AlamofireDynamic;
		};
		FC5D4E552B984E3F00B9BAD6 /* Eureka */ = {
			isa = XCSwiftPackageProductDependency;
			package = FC5D4E542B984E3F00B9BAD6 /* XCRemoteSwiftPackageReference "Eureka" */;
			productName = Eureka;
		};
/* End XCSwiftPackageProductDependency section */
	};
	rootObject = 05CF04B42B97A0AF00672FDF /* Project object */;
}
